// !$*UTF8*$!
{
	archiveVersion = 1;
	classes = {
	};
	objectVersion = 56;
	objects = {

/* Begin PBXBuildFile section */
		24253C09298E208F00757948 /* SpotifyiOS.framework in Frameworks */ = {isa = PBXBuildFile; fileRef = 24253C08298E208F00757948 /* SpotifyiOS.framework */; };
		EE13EC31298E074600B6C5AD /* VersifyApp.swift in Sources */ = {isa = PBXBuildFile; fileRef = EE13EC30298E074600B6C5AD /* VersifyApp.swift */; };
		EE13EC33298E074600B6C5AD /* ContentView.swift in Sources */ = {isa = PBXBuildFile; fileRef = EE13EC32298E074600B6C5AD /* ContentView.swift */; };
		EE13EC35298E074700B6C5AD /* Assets.xcassets in Resources */ = {isa = PBXBuildFile; fileRef = EE13EC34298E074700B6C5AD /* Assets.xcassets */; };
		EE13EC38298E074700B6C5AD /* Preview Assets.xcassets in Resources */ = {isa = PBXBuildFile; fileRef = EE13EC37298E074700B6C5AD /* Preview Assets.xcassets */; };
		EE13EC3A298E074700B6C5AD /* Persistence.swift in Sources */ = {isa = PBXBuildFile; fileRef = EE13EC39298E074700B6C5AD /* Persistence.swift */; };
		EE13EC3D298E074700B6C5AD /* Versify.xcdatamodeld in Sources */ = {isa = PBXBuildFile; fileRef = EE13EC3B298E074700B6C5AD /* Versify.xcdatamodeld */; };
		EE13EC47298E074700B6C5AD /* VersifyTests.swift in Sources */ = {isa = PBXBuildFile; fileRef = EE13EC46298E074700B6C5AD /* VersifyTests.swift */; };
		EE13EC51298E074700B6C5AD /* VersifyUITests.swift in Sources */ = {isa = PBXBuildFile; fileRef = EE13EC50298E074700B6C5AD /* VersifyUITests.swift */; };
		EE13EC53298E074700B6C5AD /* VersifyUITestsLaunchTests.swift in Sources */ = {isa = PBXBuildFile; fileRef = EE13EC52298E074700B6C5AD /* VersifyUITestsLaunchTests.swift */; };
		EED3E28E298E0C63009B9268 /* LoginView.swift in Sources */ = {isa = PBXBuildFile; fileRef = EED3E28D298E0C63009B9268 /* LoginView.swift */; };
/* End PBXBuildFile section */

/* Begin PBXContainerItemProxy section */
		EE13EC43298E074700B6C5AD /* PBXContainerItemProxy */ = {
			isa = PBXContainerItemProxy;
			containerPortal = EE13EC25298E074600B6C5AD /* Project object */;
			proxyType = 1;
			remoteGlobalIDString = EE13EC2C298E074600B6C5AD;
			remoteInfo = Versify;
		};
		EE13EC4D298E074700B6C5AD /* PBXContainerItemProxy */ = {
			isa = PBXContainerItemProxy;
			containerPortal = EE13EC25298E074600B6C5AD /* Project object */;
			proxyType = 1;
			remoteGlobalIDString = EE13EC2C298E074600B6C5AD;
			remoteInfo = Versify;
		};
/* End PBXContainerItemProxy section */

/* Begin PBXFileReference section */
		24253C08298E208F00757948 /* SpotifyiOS.framework */ = {isa = PBXFileReference; lastKnownFileType = wrapper.framework; name = SpotifyiOS.framework; path = Versify/SpotifyiOS.framework; sourceTree = SOURCE_ROOT; };
		EE13EC2D298E074600B6C5AD /* Versify.app */ = {isa = PBXFileReference; explicitFileType = wrapper.application; includeInIndex = 0; path = Versify.app; sourceTree = BUILT_PRODUCTS_DIR; };
		EE13EC30298E074600B6C5AD /* VersifyApp.swift */ = {isa = PBXFileReference; lastKnownFileType = sourcecode.swift; path = VersifyApp.swift; sourceTree = "<group>"; };
		EE13EC32298E074600B6C5AD /* ContentView.swift */ = {isa = PBXFileReference; lastKnownFileType = sourcecode.swift; path = ContentView.swift; sourceTree = "<group>"; };
		EE13EC34298E074700B6C5AD /* Assets.xcassets */ = {isa = PBXFileReference; lastKnownFileType = folder.assetcatalog; path = Assets.xcassets; sourceTree = "<group>"; };
		EE13EC37298E074700B6C5AD /* Preview Assets.xcassets */ = {isa = PBXFileReference; lastKnownFileType = folder.assetcatalog; path = "Preview Assets.xcassets"; sourceTree = "<group>"; };
		EE13EC39298E074700B6C5AD /* Persistence.swift */ = {isa = PBXFileReference; lastKnownFileType = sourcecode.swift; path = Persistence.swift; sourceTree = "<group>"; };
		EE13EC3C298E074700B6C5AD /* Versify.xcdatamodel */ = {isa = PBXFileReference; lastKnownFileType = wrapper.xcdatamodel; path = Versify.xcdatamodel; sourceTree = "<group>"; };
		EE13EC42298E074700B6C5AD /* VersifyTests.xctest */ = {isa = PBXFileReference; explicitFileType = wrapper.cfbundle; includeInIndex = 0; path = VersifyTests.xctest; sourceTree = BUILT_PRODUCTS_DIR; };
		EE13EC46298E074700B6C5AD /* VersifyTests.swift */ = {isa = PBXFileReference; lastKnownFileType = sourcecode.swift; path = VersifyTests.swift; sourceTree = "<group>"; };
		EE13EC4C298E074700B6C5AD /* VersifyUITests.xctest */ = {isa = PBXFileReference; explicitFileType = wrapper.cfbundle; includeInIndex = 0; path = VersifyUITests.xctest; sourceTree = BUILT_PRODUCTS_DIR; };
		EE13EC50298E074700B6C5AD /* VersifyUITests.swift */ = {isa = PBXFileReference; lastKnownFileType = sourcecode.swift; path = VersifyUITests.swift; sourceTree = "<group>"; };
		EE13EC52298E074700B6C5AD /* VersifyUITestsLaunchTests.swift */ = {isa = PBXFileReference; lastKnownFileType = sourcecode.swift; path = VersifyUITestsLaunchTests.swift; sourceTree = "<group>"; };
		EED3E28D298E0C63009B9268 /* LoginView.swift */ = {isa = PBXFileReference; lastKnownFileType = sourcecode.swift; path = LoginView.swift; sourceTree = "<group>"; };
/* End PBXFileReference section */

/* Begin PBXFrameworksBuildPhase section */
		EE13EC2A298E074600B6C5AD /* Frameworks */ = {
			isa = PBXFrameworksBuildPhase;
			buildActionMask = 2147483647;
			files = (
				24253C09298E208F00757948 /* SpotifyiOS.framework in Frameworks */,
			);
			runOnlyForDeploymentPostprocessing = 0;
		};
		EE13EC3F298E074700B6C5AD /* Frameworks */ = {
			isa = PBXFrameworksBuildPhase;
			buildActionMask = 2147483647;
			files = (
			);
			runOnlyForDeploymentPostprocessing = 0;
		};
		EE13EC49298E074700B6C5AD /* Frameworks */ = {
			isa = PBXFrameworksBuildPhase;
			buildActionMask = 2147483647;
			files = (
			);
			runOnlyForDeploymentPostprocessing = 0;
		};
/* End PBXFrameworksBuildPhase section */

/* Begin PBXGroup section */
		EE13EC24298E074600B6C5AD = {
			isa = PBXGroup;
			children = (
				EE13EC2F298E074600B6C5AD /* Versify */,
				EE13EC45298E074700B6C5AD /* VersifyTests */,
				EE13EC4F298E074700B6C5AD /* VersifyUITests */,
				EE13EC2E298E074600B6C5AD /* Products */,
			);
			sourceTree = "<group>";
		};
		EE13EC2E298E074600B6C5AD /* Products */ = {
			isa = PBXGroup;
			children = (
				EE13EC2D298E074600B6C5AD /* Versify.app */,
				EE13EC42298E074700B6C5AD /* VersifyTests.xctest */,
				EE13EC4C298E074700B6C5AD /* VersifyUITests.xctest */,
			);
			name = Products;
			sourceTree = "<group>";
		};
		EE13EC2F298E074600B6C5AD /* Versify */ = {
			isa = PBXGroup;
			children = (
				EE13EC30298E074600B6C5AD /* VersifyApp.swift */,
				EE13EC32298E074600B6C5AD /* ContentView.swift */,
				EED3E28D298E0C63009B9268 /* LoginView.swift */,
				EE13EC34298E074700B6C5AD /* Assets.xcassets */,
				EE13EC39298E074700B6C5AD /* Persistence.swift */,
				EE13EC3B298E074700B6C5AD /* Versify.xcdatamodeld */,
				24253C08298E208F00757948 /* SpotifyiOS.framework */,
				EE13EC36298E074700B6C5AD /* Preview Content */,
			);
			path = Versify;
			sourceTree = "<group>";
		};
		EE13EC36298E074700B6C5AD /* Preview Content */ = {
			isa = PBXGroup;
			children = (
				EE13EC37298E074700B6C5AD /* Preview Assets.xcassets */,
			);
			path = "Preview Content";
			sourceTree = "<group>";
		};
		EE13EC45298E074700B6C5AD /* VersifyTests */ = {
			isa = PBXGroup;
			children = (
				EE13EC46298E074700B6C5AD /* VersifyTests.swift */,
			);
			path = VersifyTests;
			sourceTree = "<group>";
		};
		EE13EC4F298E074700B6C5AD /* VersifyUITests */ = {
			isa = PBXGroup;
			children = (
				EE13EC50298E074700B6C5AD /* VersifyUITests.swift */,
				EE13EC52298E074700B6C5AD /* VersifyUITestsLaunchTests.swift */,
			);
			path = VersifyUITests;
			sourceTree = "<group>";
		};
/* End PBXGroup section */

/* Begin PBXNativeTarget section */
		EE13EC2C298E074600B6C5AD /* Versify */ = {
			isa = PBXNativeTarget;
			buildConfigurationList = EE13EC56298E074700B6C5AD /* Build configuration list for PBXNativeTarget "Versify" */;
			buildPhases = (
				EE13EC29298E074600B6C5AD /* Sources */,
				EE13EC2A298E074600B6C5AD /* Frameworks */,
				EE13EC2B298E074600B6C5AD /* Resources */,
			);
			buildRules = (
			);
			dependencies = (
			);
			name = Versify;
			productName = Versify;
			productReference = EE13EC2D298E074600B6C5AD /* Versify.app */;
			productType = "com.apple.product-type.application";
		};
		EE13EC41298E074700B6C5AD /* VersifyTests */ = {
			isa = PBXNativeTarget;
			buildConfigurationList = EE13EC59298E074700B6C5AD /* Build configuration list for PBXNativeTarget "VersifyTests" */;
			buildPhases = (
				EE13EC3E298E074700B6C5AD /* Sources */,
				EE13EC3F298E074700B6C5AD /* Frameworks */,
				EE13EC40298E074700B6C5AD /* Resources */,
			);
			buildRules = (
			);
			dependencies = (
				EE13EC44298E074700B6C5AD /* PBXTargetDependency */,
			);
			name = VersifyTests;
			productName = VersifyTests;
			productReference = EE13EC42298E074700B6C5AD /* VersifyTests.xctest */;
			productType = "com.apple.product-type.bundle.unit-test";
		};
		EE13EC4B298E074700B6C5AD /* VersifyUITests */ = {
			isa = PBXNativeTarget;
			buildConfigurationList = EE13EC5C298E074700B6C5AD /* Build configuration list for PBXNativeTarget "VersifyUITests" */;
			buildPhases = (
				EE13EC48298E074700B6C5AD /* Sources */,
				EE13EC49298E074700B6C5AD /* Frameworks */,
				EE13EC4A298E074700B6C5AD /* Resources */,
			);
			buildRules = (
			);
			dependencies = (
				EE13EC4E298E074700B6C5AD /* PBXTargetDependency */,
			);
			name = VersifyUITests;
			productName = VersifyUITests;
			productReference = EE13EC4C298E074700B6C5AD /* VersifyUITests.xctest */;
			productType = "com.apple.product-type.bundle.ui-testing";
		};
/* End PBXNativeTarget section */

/* Begin PBXProject section */
		EE13EC25298E074600B6C5AD /* Project object */ = {
			isa = PBXProject;
			attributes = {
				BuildIndependentTargetsInParallel = 1;
				LastSwiftUpdateCheck = 1420;
				LastUpgradeCheck = 1420;
				TargetAttributes = {
					EE13EC2C298E074600B6C5AD = {
						CreatedOnToolsVersion = 14.2;
					};
					EE13EC41298E074700B6C5AD = {
						CreatedOnToolsVersion = 14.2;
						TestTargetID = EE13EC2C298E074600B6C5AD;
					};
					EE13EC4B298E074700B6C5AD = {
						CreatedOnToolsVersion = 14.2;
						TestTargetID = EE13EC2C298E074600B6C5AD;
					};
				};
			};
			buildConfigurationList = EE13EC28298E074600B6C5AD /* Build configuration list for PBXProject "Versify" */;
			compatibilityVersion = "Xcode 14.0";
			developmentRegion = en;
			hasScannedForEncodings = 0;
			knownRegions = (
				en,
				Base,
			);
			mainGroup = EE13EC24298E074600B6C5AD;
			productRefGroup = EE13EC2E298E074600B6C5AD /* Products */;
			projectDirPath = "";
			projectRoot = "";
			targets = (
				EE13EC2C298E074600B6C5AD /* Versify */,
				EE13EC41298E074700B6C5AD /* VersifyTests */,
				EE13EC4B298E074700B6C5AD /* VersifyUITests */,
			);
		};
/* End PBXProject section */

/* Begin PBXResourcesBuildPhase section */
		EE13EC2B298E074600B6C5AD /* Resources */ = {
			isa = PBXResourcesBuildPhase;
			buildActionMask = 2147483647;
			files = (
				EE13EC38298E074700B6C5AD /* Preview Assets.xcassets in Resources */,
				EE13EC35298E074700B6C5AD /* Assets.xcassets in Resources */,
			);
			runOnlyForDeploymentPostprocessing = 0;
		};
		EE13EC40298E074700B6C5AD /* Resources */ = {
			isa = PBXResourcesBuildPhase;
			buildActionMask = 2147483647;
			files = (
			);
			runOnlyForDeploymentPostprocessing = 0;
		};
		EE13EC4A298E074700B6C5AD /* Resources */ = {
			isa = PBXResourcesBuildPhase;
			buildActionMask = 2147483647;
			files = (
			);
			runOnlyForDeploymentPostprocessing = 0;
		};
/* End PBXResourcesBuildPhase section */

/* Begin PBXSourcesBuildPhase section */
		EE13EC29298E074600B6C5AD /* Sources */ = {
			isa = PBXSourcesBuildPhase;
			buildActionMask = 2147483647;
			files = (
				EE13EC3D298E074700B6C5AD /* Versify.xcdatamodeld in Sources */,
				EE13EC3A298E074700B6C5AD /* Persistence.swift in Sources */,
				EE13EC33298E074600B6C5AD /* ContentView.swift in Sources */,
				EED3E28E298E0C63009B9268 /* LoginView.swift in Sources */,
				EE13EC31298E074600B6C5AD /* VersifyApp.swift in Sources */,
			);
			runOnlyForDeploymentPostprocessing = 0;
		};
		EE13EC3E298E074700B6C5AD /* Sources */ = {
			isa = PBXSourcesBuildPhase;
			buildActionMask = 2147483647;
			files = (
				EE13EC47298E074700B6C5AD /* VersifyTests.swift in Sources */,
			);
			runOnlyForDeploymentPostprocessing = 0;
		};
		EE13EC48298E074700B6C5AD /* Sources */ = {
			isa = PBXSourcesBuildPhase;
			buildActionMask = 2147483647;
			files = (
				EE13EC51298E074700B6C5AD /* VersifyUITests.swift in Sources */,
				EE13EC53298E074700B6C5AD /* VersifyUITestsLaunchTests.swift in Sources */,
			);
			runOnlyForDeploymentPostprocessing = 0;
		};
/* End PBXSourcesBuildPhase section */

/* Begin PBXTargetDependency section */
		EE13EC44298E074700B6C5AD /* PBXTargetDependency */ = {
			isa = PBXTargetDependency;
			target = EE13EC2C298E074600B6C5AD /* Versify */;
			targetProxy = EE13EC43298E074700B6C5AD /* PBXContainerItemProxy */;
		};
		EE13EC4E298E074700B6C5AD /* PBXTargetDependency */ = {
			isa = PBXTargetDependency;
			target = EE13EC2C298E074600B6C5AD /* Versify */;
			targetProxy = EE13EC4D298E074700B6C5AD /* PBXContainerItemProxy */;
		};
/* End PBXTargetDependency section */

/* Begin XCBuildConfiguration section */
		EE13EC54298E074700B6C5AD /* Debug */ = {
			isa = XCBuildConfiguration;
			buildSettings = {
				ALWAYS_SEARCH_USER_PATHS = NO;
				CLANG_ANALYZER_NONNULL = YES;
				CLANG_ANALYZER_NUMBER_OBJECT_CONVERSION = YES_AGGRESSIVE;
				CLANG_CXX_LANGUAGE_STANDARD = "gnu++20";
				CLANG_ENABLE_MODULES = YES;
				CLANG_ENABLE_OBJC_ARC = YES;
				CLANG_ENABLE_OBJC_WEAK = YES;
				CLANG_WARN_BLOCK_CAPTURE_AUTORELEASING = YES;
				CLANG_WARN_BOOL_CONVERSION = YES;
				CLANG_WARN_COMMA = YES;
				CLANG_WARN_CONSTANT_CONVERSION = YES;
				CLANG_WARN_DEPRECATED_OBJC_IMPLEMENTATIONS = YES;
				CLANG_WARN_DIRECT_OBJC_ISA_USAGE = YES_ERROR;
				CLANG_WARN_DOCUMENTATION_COMMENTS = YES;
				CLANG_WARN_EMPTY_BODY = YES;
				CLANG_WARN_ENUM_CONVERSION = YES;
				CLANG_WARN_INFINITE_RECURSION = YES;
				CLANG_WARN_INT_CONVERSION = YES;
				CLANG_WARN_NON_LITERAL_NULL_CONVERSION = YES;
				CLANG_WARN_OBJC_IMPLICIT_RETAIN_SELF = YES;
				CLANG_WARN_OBJC_LITERAL_CONVERSION = YES;
				CLANG_WARN_OBJC_ROOT_CLASS = YES_ERROR;
				CLANG_WARN_QUOTED_INCLUDE_IN_FRAMEWORK_HEADER = YES;
				CLANG_WARN_RANGE_LOOP_ANALYSIS = YES;
				CLANG_WARN_STRICT_PROTOTYPES = YES;
				CLANG_WARN_SUSPICIOUS_MOVE = YES;
				CLANG_WARN_UNGUARDED_AVAILABILITY = YES_AGGRESSIVE;
				CLANG_WARN_UNREACHABLE_CODE = YES;
				CLANG_WARN__DUPLICATE_METHOD_MATCH = YES;
				COPY_PHASE_STRIP = NO;
				DEBUG_INFORMATION_FORMAT = dwarf;
				ENABLE_STRICT_OBJC_MSGSEND = YES;
				ENABLE_TESTABILITY = YES;
				GCC_C_LANGUAGE_STANDARD = gnu11;
				GCC_DYNAMIC_NO_PIC = NO;
				GCC_NO_COMMON_BLOCKS = YES;
				GCC_OPTIMIZATION_LEVEL = 0;
				GCC_PREPROCESSOR_DEFINITIONS = (
					"DEBUG=1",
					"$(inherited)",
				);
				GCC_WARN_64_TO_32_BIT_CONVERSION = YES;
				GCC_WARN_ABOUT_RETURN_TYPE = YES_ERROR;
				GCC_WARN_UNDECLARED_SELECTOR = YES;
				GCC_WARN_UNINITIALIZED_AUTOS = YES_AGGRESSIVE;
				GCC_WARN_UNUSED_FUNCTION = YES;
				GCC_WARN_UNUSED_VARIABLE = YES;
				IPHONEOS_DEPLOYMENT_TARGET = 16.2;
				MTL_ENABLE_DEBUG_INFO = INCLUDE_SOURCE;
				MTL_FAST_MATH = YES;
				ONLY_ACTIVE_ARCH = YES;
				SDKROOT = iphoneos;
				SWIFT_ACTIVE_COMPILATION_CONDITIONS = DEBUG;
				SWIFT_OPTIMIZATION_LEVEL = "-Onone";
			};
			name = Debug;
		};
		EE13EC55298E074700B6C5AD /* Release */ = {
			isa = XCBuildConfiguration;
			buildSettings = {
				ALWAYS_SEARCH_USER_PATHS = NO;
				CLANG_ANALYZER_NONNULL = YES;
				CLANG_ANALYZER_NUMBER_OBJECT_CONVERSION = YES_AGGRESSIVE;
				CLANG_CXX_LANGUAGE_STANDARD = "gnu++20";
				CLANG_ENABLE_MODULES = YES;
				CLANG_ENABLE_OBJC_ARC = YES;
				CLANG_ENABLE_OBJC_WEAK = YES;
				CLANG_WARN_BLOCK_CAPTURE_AUTORELEASING = YES;
				CLANG_WARN_BOOL_CONVERSION = YES;
				CLANG_WARN_COMMA = YES;
				CLANG_WARN_CONSTANT_CONVERSION = YES;
				CLANG_WARN_DEPRECATED_OBJC_IMPLEMENTATIONS = YES;
				CLANG_WARN_DIRECT_OBJC_ISA_USAGE = YES_ERROR;
				CLANG_WARN_DOCUMENTATION_COMMENTS = YES;
				CLANG_WARN_EMPTY_BODY = YES;
				CLANG_WARN_ENUM_CONVERSION = YES;
				CLANG_WARN_INFINITE_RECURSION = YES;
				CLANG_WARN_INT_CONVERSION = YES;
				CLANG_WARN_NON_LITERAL_NULL_CONVERSION = YES;
				CLANG_WARN_OBJC_IMPLICIT_RETAIN_SELF = YES;
				CLANG_WARN_OBJC_LITERAL_CONVERSION = YES;
				CLANG_WARN_OBJC_ROOT_CLASS = YES_ERROR;
				CLANG_WARN_QUOTED_INCLUDE_IN_FRAMEWORK_HEADER = YES;
				CLANG_WARN_RANGE_LOOP_ANALYSIS = YES;
				CLANG_WARN_STRICT_PROTOTYPES = YES;
				CLANG_WARN_SUSPICIOUS_MOVE = YES;
				CLANG_WARN_UNGUARDED_AVAILABILITY = YES_AGGRESSIVE;
				CLANG_WARN_UNREACHABLE_CODE = YES;
				CLANG_WARN__DUPLICATE_METHOD_MATCH = YES;
				COPY_PHASE_STRIP = NO;
				DEBUG_INFORMATION_FORMAT = "dwarf-with-dsym";
				ENABLE_NS_ASSERTIONS = NO;
				ENABLE_STRICT_OBJC_MSGSEND = YES;
				GCC_C_LANGUAGE_STANDARD = gnu11;
				GCC_NO_COMMON_BLOCKS = YES;
				GCC_WARN_64_TO_32_BIT_CONVERSION = YES;
				GCC_WARN_ABOUT_RETURN_TYPE = YES_ERROR;
				GCC_WARN_UNDECLARED_SELECTOR = YES;
				GCC_WARN_UNINITIALIZED_AUTOS = YES_AGGRESSIVE;
				GCC_WARN_UNUSED_FUNCTION = YES;
				GCC_WARN_UNUSED_VARIABLE = YES;
				IPHONEOS_DEPLOYMENT_TARGET = 16.2;
				MTL_ENABLE_DEBUG_INFO = NO;
				MTL_FAST_MATH = YES;
				ONLY_ACTIVE_ARCH = YES;
				SDKROOT = iphoneos;
				SWIFT_COMPILATION_MODE = wholemodule;
				SWIFT_OPTIMIZATION_LEVEL = "-O";
				VALIDATE_PRODUCT = YES;
			};
			name = Release;
		};
		EE13EC57298E074700B6C5AD /* Debug */ = {
			isa = XCBuildConfiguration;
			buildSettings = {
				ASSETCATALOG_COMPILER_APPICON_NAME = AppIcon;
				ASSETCATALOG_COMPILER_GLOBAL_ACCENT_COLOR_NAME = AccentColor;
				CODE_SIGN_STYLE = Automatic;
				CURRENT_PROJECT_VERSION = 1;
				DEVELOPMENT_ASSET_PATHS = "\"Versify/Preview Content\"";
				DEVELOPMENT_TEAM = 5Z52B45CFP;
				ENABLE_PREVIEWS = YES;
				FRAMEWORK_SEARCH_PATHS = (
					"$(inherited)",
					"$(PROJECT_DIR)/Versify",
				);
				GENERATE_INFOPLIST_FILE = YES;
				INFOPLIST_KEY_UIApplicationSceneManifest_Generation = YES;
				INFOPLIST_KEY_UIApplicationSupportsIndirectInputEvents = YES;
				INFOPLIST_KEY_UILaunchScreen_Generation = YES;
				INFOPLIST_KEY_UISupportedInterfaceOrientations_iPad = "UIInterfaceOrientationPortrait UIInterfaceOrientationPortraitUpsideDown UIInterfaceOrientationLandscapeLeft UIInterfaceOrientationLandscapeRight";
				INFOPLIST_KEY_UISupportedInterfaceOrientations_iPhone = "UIInterfaceOrientationPortrait UIInterfaceOrientationLandscapeLeft UIInterfaceOrientationLandscapeRight";
				LD_RUNPATH_SEARCH_PATHS = (
					"$(inherited)",
					"@executable_path/Frameworks",
				);
				MARKETING_VERSION = 1.0;
				PRODUCT_BUNDLE_IDENTIFIER = "edu.ucsc-klinsley.Versify";
				PRODUCT_NAME = "$(TARGET_NAME)";
				SWIFT_EMIT_LOC_STRINGS = YES;
				SWIFT_VERSION = 5.0;
				TARGETED_DEVICE_FAMILY = "1,2";
			};
			name = Debug;
		};
		EE13EC58298E074700B6C5AD /* Release */ = {
			isa = XCBuildConfiguration;
			buildSettings = {
				ASSETCATALOG_COMPILER_APPICON_NAME = AppIcon;
				ASSETCATALOG_COMPILER_GLOBAL_ACCENT_COLOR_NAME = AccentColor;
				CODE_SIGN_STYLE = Automatic;
				CURRENT_PROJECT_VERSION = 1;
				DEVELOPMENT_ASSET_PATHS = "\"Versify/Preview Content\"";
				DEVELOPMENT_TEAM = 5Z52B45CFP;
				ENABLE_PREVIEWS = YES;
				FRAMEWORK_SEARCH_PATHS = (
					"$(inherited)",
					"$(PROJECT_DIR)/Versify",
				);
				GENERATE_INFOPLIST_FILE = YES;
				INFOPLIST_KEY_UIApplicationSceneManifest_Generation = YES;
				INFOPLIST_KEY_UIApplicationSupportsIndirectInputEvents = YES;
				INFOPLIST_KEY_UILaunchScreen_Generation = YES;
				INFOPLIST_KEY_UISupportedInterfaceOrientations_iPad = "UIInterfaceOrientationPortrait UIInterfaceOrientationPortraitUpsideDown UIInterfaceOrientationLandscapeLeft UIInterfaceOrientationLandscapeRight";
				INFOPLIST_KEY_UISupportedInterfaceOrientations_iPhone = "UIInterfaceOrientationPortrait UIInterfaceOrientationLandscapeLeft UIInterfaceOrientationLandscapeRight";
				LD_RUNPATH_SEARCH_PATHS = (
					"$(inherited)",
					"@executable_path/Frameworks",
				);
				MARKETING_VERSION = 1.0;
				PRODUCT_BUNDLE_IDENTIFIER = "edu.ucsc-klinsley.Versify";
				PRODUCT_NAME = "$(TARGET_NAME)";
				SWIFT_EMIT_LOC_STRINGS = YES;
				SWIFT_VERSION = 5.0;
				TARGETED_DEVICE_FAMILY = "1,2";
			};
			name = Release;
		};
		EE13EC5A298E074700B6C5AD /* Debug */ = {
			isa = XCBuildConfiguration;
			buildSettings = {
				ALWAYS_EMBED_SWIFT_STANDARD_LIBRARIES = YES;
				BUNDLE_LOADER = "$(TEST_HOST)";
				CODE_SIGN_STYLE = Automatic;
				CURRENT_PROJECT_VERSION = 1;
				DEVELOPMENT_TEAM = 5Z52B45CFP;
				GENERATE_INFOPLIST_FILE = YES;
				IPHONEOS_DEPLOYMENT_TARGET = 16.2;
				MARKETING_VERSION = 1.0;
				PRODUCT_BUNDLE_IDENTIFIER = "edu.ucsc-klinsley.VersifyTests";
				PRODUCT_NAME = "$(TARGET_NAME)";
				SWIFT_EMIT_LOC_STRINGS = NO;
				SWIFT_VERSION = 5.0;
				TARGETED_DEVICE_FAMILY = "1,2";
				TEST_HOST = "$(BUILT_PRODUCTS_DIR)/Versify.app/$(BUNDLE_EXECUTABLE_FOLDER_PATH)/Versify";
			};
			name = Debug;
		};
		EE13EC5B298E074700B6C5AD /* Release */ = {
			isa = XCBuildConfiguration;
			buildSettings = {
				ALWAYS_EMBED_SWIFT_STANDARD_LIBRARIES = YES;
				BUNDLE_LOADER = "$(TEST_HOST)";
				CODE_SIGN_STYLE = Automatic;
				CURRENT_PROJECT_VERSION = 1;
				DEVELOPMENT_TEAM = 5Z52B45CFP;
				GENERATE_INFOPLIST_FILE = YES;
				IPHONEOS_DEPLOYMENT_TARGET = 16.2;
				MARKETING_VERSION = 1.0;
				PRODUCT_BUNDLE_IDENTIFIER = "edu.ucsc-klinsley.VersifyTests";
				PRODUCT_NAME = "$(TARGET_NAME)";
				SWIFT_EMIT_LOC_STRINGS = NO;
				SWIFT_VERSION = 5.0;
				TARGETED_DEVICE_FAMILY = "1,2";
				TEST_HOST = "$(BUILT_PRODUCTS_DIR)/Versify.app/$(BUNDLE_EXECUTABLE_FOLDER_PATH)/Versify";
			};
			name = Release;
		};
		EE13EC5D298E074700B6C5AD /* Debug */ = {
			isa = XCBuildConfiguration;
			buildSettings = {
				ALWAYS_EMBED_SWIFT_STANDARD_LIBRARIES = YES;
				CODE_SIGN_STYLE = Automatic;
				CURRENT_PROJECT_VERSION = 1;
				DEVELOPMENT_TEAM = 5Z52B45CFP;
				GENERATE_INFOPLIST_FILE = YES;
				MARKETING_VERSION = 1.0;
				PRODUCT_BUNDLE_IDENTIFIER = "edu.ucsc-klinsley.VersifyUITests";
				PRODUCT_NAME = "$(TARGET_NAME)";
				SWIFT_EMIT_LOC_STRINGS = NO;
				SWIFT_VERSION = 5.0;
				TARGETED_DEVICE_FAMILY = "1,2";
				TEST_TARGET_NAME = Versify;
			};
			name = Debug;
		};
		EE13EC5E298E074700B6C5AD /* Release */ = {
			isa = XCBuildConfiguration;
			buildSettings = {
				ALWAYS_EMBED_SWIFT_STANDARD_LIBRARIES = YES;
				CODE_SIGN_STYLE = Automatic;
				CURRENT_PROJECT_VERSION = 1;
				DEVELOPMENT_TEAM = 5Z52B45CFP;
				GENERATE_INFOPLIST_FILE = YES;
				MARKETING_VERSION = 1.0;
				PRODUCT_BUNDLE_IDENTIFIER = "edu.ucsc-klinsley.VersifyUITests";
				PRODUCT_NAME = "$(TARGET_NAME)";
				SWIFT_EMIT_LOC_STRINGS = NO;
				SWIFT_VERSION = 5.0;
				TARGETED_DEVICE_FAMILY = "1,2";
				TEST_TARGET_NAME = Versify;
			};
			name = Release;
		};
/* End XCBuildConfiguration section */

/* Begin XCConfigurationList section */
		EE13EC28298E074600B6C5AD /* Build configuration list for PBXProject "Versify" */ = {
			isa = XCConfigurationList;
			buildConfigurations = (
				EE13EC54298E074700B6C5AD /* Debug */,
				EE13EC55298E074700B6C5AD /* Release */,
			);
			defaultConfigurationIsVisible = 0;
			defaultConfigurationName = Release;
		};
		EE13EC56298E074700B6C5AD /* Build configuration list for PBXNativeTarget "Versify" */ = {
			isa = XCConfigurationList;
			buildConfigurations = (
				EE13EC57298E074700B6C5AD /* Debug */,
				EE13EC58298E074700B6C5AD /* Release */,
			);
			defaultConfigurationIsVisible = 0;
			defaultConfigurationName = Release;
		};
		EE13EC59298E074700B6C5AD /* Build configuration list for PBXNativeTarget "VersifyTests" */ = {
			isa = XCConfigurationList;
			buildConfigurations = (
				EE13EC5A298E074700B6C5AD /* Debug */,
				EE13EC5B298E074700B6C5AD /* Release */,
			);
			defaultConfigurationIsVisible = 0;
			defaultConfigurationName = Release;
		};
		EE13EC5C298E074700B6C5AD /* Build configuration list for PBXNativeTarget "VersifyUITests" */ = {
			isa = XCConfigurationList;
			buildConfigurations = (
				EE13EC5D298E074700B6C5AD /* Debug */,
				EE13EC5E298E074700B6C5AD /* Release */,
			);
			defaultConfigurationIsVisible = 0;
			defaultConfigurationName = Release;
		};
/* End XCConfigurationList section */

/* Begin XCVersionGroup section */
		EE13EC3B298E074700B6C5AD /* Versify.xcdatamodeld */ = {
			isa = XCVersionGroup;
			children = (
				EE13EC3C298E074700B6C5AD /* Versify.xcdatamodel */,
			);
			currentVersion = EE13EC3C298E074700B6C5AD /* Versify.xcdatamodel */;
			path = Versify.xcdatamodeld;
			sourceTree = "<group>";
			versionGroupType = wrapper.xcdatamodel;
		};
/* End XCVersionGroup section */
	};
	rootObject = EE13EC25298E074600B6C5AD /* Project object */;
}
